[[tools.flux2]]
version = "2.8.2"
backend = "aqua:fluxcd/flux2"
"platforms.linux-arm64" = { checksum = "sha256:5bbee7ebd84d2976500396de763802e328581801ad4d2609403fa8a793ddfa64", url = "https://github.com/fluxcd/flux2/releases/download/v2.8.2/flux_2.8.2_linux_arm64.tar.gz"}
"platforms.linux-x64" = { checksum = "sha256:711a0ac3d1ea15e957c2775af11ddc48a505b6adaa8fa5db5a65355ee6f49cde", url = "https://github.com/fluxcd/flux2/releases/download/v2.8.2/flux_2.8.2_linux_amd64.tar.gz"}
"platforms.macos-arm64" = { checksum = "sha256:96d9132ce9ff70fc26b3678b455eb89bd1e40778ea0a7b99de9b124db392ac4d", url = "https://github.com/fluxcd/flux2/releases/download/v2.8.2/flux_2.8.2_darwin_arm64.tar.gz"}
"platforms.macos-x64" = { checksum = "sha256:04282f387a4e4809d25ec59526c2a5da7bc1c36216b34e93ee511b2ff5a4144e", url = "https://github.com/fluxcd/flux2/releases/download/v2.8.2/flux_2.8.2_darwin_amd64.tar.gz"}
"platforms.windows-x64" = { checksum = "sha256:3a9303323dfa0d9f9cd2222edf21e10d0429bb058b0189cc1362f6391384bac8", url = "https://github.com/fluxcd/flux2/releases/download/v2.8.2/flux_2.8.2_windows_amd64.zip"}

[[tools.fnox]]
version = "1.15.1"
backend = "github:jdx/fnox"
"platforms.linux-arm64" = { checksum = "sha256:6d705ccdb3e80e44d687f9771ea3c23ba94dd94cad33e74c5a9cbf790cd0df4c", url = "https://github.com/jdx/fnox/releases/download/v1.15.1/fnox-aarch64-unknown-linux-gnu.tar.gz", url_api = "https://api.github.com/repos/jdx/fnox/releases/assets/365349754"}
"platforms.linux-x64" = { checksum = "sha256:6ceb388be77569b74e3a15296119b3b54f98a0909354ac6575843d1fe6116128", url = "https://github.com/jdx/fnox/releases/download/v1.15.1/fnox-x86_64-unknown-linux-gnu.tar.gz", url_api = "https://api.github.com/repos/jdx/fnox/releases/assets/365349767"}
"platforms.macos-arm64" = { checksum = "sha256:440748f8aaea54a4c27dfa1e9b298759a0ae6430429f3e5ef7b71a530a1518c6", url = "https://github.com/jdx/fnox/releases/download/v1.15.1/fnox-aarch64-apple-darwin.tar.gz", url_api = "https://api.github.com/repos/jdx/fnox/releases/assets/365349753"}
"platforms.macos-x64" = { checksum = "sha256:c0fafbcba2c2a96ea715785af957462246516f19620bf7b37da12693cd9ac190", url = "https://github.com/jdx/fnox/releases/download/v1.15.1/fnox-x86_64-apple-darwin.tar.gz", url_api = "https://api.github.com/repos/jdx/fnox/releases/assets/365349756"}
"platforms.windows-x64" = { checksum = "sha256:b0dbc7fc5c7d5b5a2e932239fe4c710bdf0305d1006a1753d819b7b2956ec199", url = "https://github.com/jdx/fnox/releases/download/v1.15.1/fnox-x86_64-pc-windows-msvc.zip", url_api = "https://api.github.com/repos/jdx/fnox/releases/assets/365349757"}

[[tools.opentofu]]
version = "1.11.5"
backend = "aqua:opentofu/opentofu"
"platforms.linux-arm64" = { checksum = "sha256:b31a2af2a99d49da6eb429cbbb5f4e8323f9c48d1aeb8c1294e4e5bdb5012416", url = "https://github.com/opentofu/opentofu/releases/download/v1.11.5/tofu_1.11.5_linux_arm64.tar.gz"}
"platforms.linux-x64" = { checksum = "sha256:e73868ab8abaca15d3c974dcf6a5e878860d6f2212867433aa3d8f2b43a492d9", url = "https://github.com/opentofu/opentofu/releases/download/v1.11.5/tofu_1.11.5_linux_amd64.tar.gz"}
"platforms.macos-arm64" = { checksum = "sha256:abf2be18c49b7b8338d4addc5f64bcf68b3af03ca860b414b3705c20c4b455a6", url = "https://github.com/opentofu/opentofu/releases/download/v1.11.5/tofu_1.11.5_darwin_arm64.tar.gz"}
"platforms.macos-x64" = { checksum = "sha256:f514761be893f49b6ca12c2df672c010fad6c88f92588dcfc95db750211c2594", url = "https://github.com/opentofu/opentofu/releases/download/v1.11.5/tofu_1.11.5_darwin_amd64.tar.gz"}
"platforms.windows-x64" = { checksum = "sha256:69be358054afcc6a84c0ffb917056d21afc3ec5a0e0f66ffd4f498a1763a0fb8", url = "https://github.com/opentofu/opentofu/releases/download/v1.11.5/tofu_1.11.5_windows_amd64.tar.gz"}

[[tools.sops]]
version = "3.12.1"
backend = "aqua:getsops/sops"
"platforms.linux-arm64" = { checksum = "sha256:c7904d07bf1fb3ffdc329b0103ce70ff6a884aa7af7931427402bea0c09cc522", url = "https://github.com/getsops/sops/releases/download/v3.12.1/sops-v3.12.1.linux.arm64"}
"platforms.linux-x64" = { checksum = "sha256:cf3136d20a6004405c986a48e179c3c7a731f777fbf105a37bd5dac5c9047100", url = "https://github.com/getsops/sops/releases/download/v3.12.1/sops-v3.12.1.linux.amd64"}
"platforms.macos-arm64" = { checksum = "sha256:3a23c388e2d7b9beff306f4817d197698b1d9ddf01c10020470c94225435e901", url = "https://github.com/getsops/sops/releases/download/v3.12.1/sops-v3.12.1.darwin.arm64"}
"platforms.macos-x64" = { checksum = "sha256:d6d296499e08d62325d933e4572fe8b6b9b11d0c08ee00d09b518a2731814c7b", url = "https://github.com/getsops/sops/releases/download/v3.12.1/sops-v3.12.1.darwin.amd64"}
"platforms.windows-x64" = { checksum = "sha256:161eff06643ca77cc0585099e0888d04897827162fd62bdb79cc1bcff933330f", url = "https://github.com/getsops/sops/releases/download/v3.12.1/sops-v3.12.1.amd64.exe"}

[[tools.talos]]
version = "1.12.5"
backend = "aqua:siderolabs/talos"
"platforms.linux-arm64" = { checksum = "sha256:108b1745ddb98838b15537e6f7951d25cfaafbda62c5740d38273ddb1aea0fb1", url = "https://github.com/siderolabs/talos/releases/download/v1.12.5/talosctl-linux-arm64"}
"platforms.linux-x64" = { checksum = "sha256:3fbd456ec98f96dca42de0528220898177077bf023e3ae9432fb90a2dbe8cf66", url = "https://github.com/siderolabs/talos/releases/download/v1.12.5/talosctl-linux-amd64"}
"platforms.macos-arm64" = { checksum = "sha256:8e4adec89acea650008f65b5e53c601a5115b3b5d6b6d15a8c215e533451b8a6", url = "https://github.com/siderolabs/talos/releases/download/v1.12.5/talosctl-darwin-arm64"}
"platforms.macos-x64" = { checksum = "sha256:8a58a951144d7f1a8eec4b6bb725553e4cf0d9c5b66785a8e0247890ec144f10", url = "https://github.com/siderolabs/talos/releases/download/v1.12.5/talosctl-darwin-amd64"}
"platforms.windows-x64" = { checksum = "sha256:73f558b05a5babcf45ab707c486ff17439a2f6dc34fc76ab103adb439d9c634a", url = "https://github.com/siderolabs/talos/releases/download/v1.12.5/talosctl-windows-amd64.exe"}
